
Microsoft Visual Studio Solution File, Format Version 12.00
# Visual Studio Version 16
VisualStudioVersion = 16.0.29201.188
MinimumVisualStudioVersion = 10.0.40219.1
Project("{FAE04EC0-301F-11D3-BF4B-00C04F79EFBC}") = "IssueTrackerWPFUI", "IssueTrackerWPFUI\IssueTrackerWPFUI.csproj", "{A8AE76EE-E8C5-4AE7-8689-8330B637E232}"
EndProject
Project("{FAE04EC0-301F-11D3-BF4B-00C04F79EFBC}") = "TrackerLibrary", "TrackerLibrary\TrackerLibrary.csproj", "{703DF84C-9F84-4A1D-8E73-E1D5F7EFC272}"
EndProject
Global
	GlobalSection(SolutionConfigurationPlatforms) = preSolution
		Debug|Any CPU = Debug|Any CPU
		Release|Any CPU = Release|Any CPU
	EndGlobalSection
	GlobalSection(ProjectConfigurationPlatforms) = postSolution
		{A8AE76EE-E8C5-4AE7-8689-8330B637E232}.Debug|Any CPU.ActiveCfg = Debug|Any CPU
		{A8AE76EE-E8C5-4AE7-8689-8330B637E232}.Debug|Any CPU.Build.0 = Debug|Any CPU
		{A8AE76EE-E8C5-4AE7-8689-8330B637E232}.Release|Any CPU.ActiveCfg = Release|Any CPU
		{A8AE76EE-E8C5-4AE7-8689-8330B637E232}.Release|Any CPU.Build.0 = Release|Any CPU
		{703DF84C-9F84-4A1D-8E73-E1D5F7EFC272}.Debug|Any CPU.ActiveCfg = Debug|Any CPU
		{703DF84C-9F84-4A1D-8E73-E1D5F7EFC272}.Debug|Any CPU.Build.0 = Debug|Any CPU
		{703DF84C-9F84-4A1D-8E73-E1D5F7EFC272}.Release|Any CPU.ActiveCfg = Release|Any CPU
		{703DF84C-9F84-4A1D-8E73-E1D5F7EFC272}.Release|Any CPU.Build.0 = Release|Any CPU
	EndGlobalSection
	GlobalSection(SolutionProperties) = preSolution
		HideSolutionNode = FALSE
	EndGlobalSection
	GlobalSection(ExtensibilityGlobals) = postSolution
		SolutionGuid = {A8A4DC9D-732F-44FB-B141-51B4F0290169}
	EndGlobalSection
EndGlobal
